
Microsoft Visual Studio Solution File, Format Version 12.00
# Visual Studio Version 16
VisualStudioVersion = 16.0.29519.87
MinimumVisualStudioVersion = 10.0.40219.1
Project("{2150E333-8FDC-42A3-9474-1A3956D46DE8}") = "CleanArch.Application", "CleanArch.Application", "{D6F75C13-34FE-4482-9F36-118674F5ACFE}"
EndProject
Project("{2150E333-8FDC-42A3-9474-1A3956D46DE8}") = "CleanArch.Domain", "CleanArch.Domain", "{5A6E628A-EA8F-44B1-AEF2-136D9B44D363}"
EndProject
Project("{2150E333-8FDC-42A3-9474-1A3956D46DE8}") = "CleanArch.Infra.Data", "CleanArch.Infra.Data", "{43CABD2D-F812-4B1F-92B5-B6D81E2273F7}"
EndProject
Project("{2150E333-8FDC-42A3-9474-1A3956D46DE8}") = "CleanArch.Infra.IoC", "CleanArch.Infra.IoC", "{0516C054-CDEA-48EF-BDE7-840BAEE923CF}"
EndProject
Project("{2150E333-8FDC-42A3-9474-1A3956D46DE8}") = "CleanArch.UI.Mvc", "CleanArch.UI.Mvc", "{E42977F5-4704-40A1-BEBD-7B712DB417A4}"
EndProject
Project("{FAE04EC0-301F-11D3-BF4B-00C04F79EFBC}") = "CleanArchSolution.Mvc", "CleanArchSolution.Mvc\CleanArchSolution.Mvc.csproj", "{8A048ADD-C397-4ED0-8C3E-B3629F67B740}"
EndProject
Global
	GlobalSection(SolutionConfigurationPlatforms) = preSolution
		Debug|Any CPU = Debug|Any CPU
		Release|Any CPU = Release|Any CPU
	EndGlobalSection
	GlobalSection(ProjectConfigurationPlatforms) = postSolution
		{8A048ADD-C397-4ED0-8C3E-B3629F67B740}.Debug|Any CPU.ActiveCfg = Debug|Any CPU
		{8A048ADD-C397-4ED0-8C3E-B3629F67B740}.Debug|Any CPU.Build.0 = Debug|Any CPU
		{8A048ADD-C397-4ED0-8C3E-B3629F67B740}.Release|Any CPU.ActiveCfg = Release|Any CPU
		{8A048ADD-C397-4ED0-8C3E-B3629F67B740}.Release|Any CPU.Build.0 = Release|Any CPU
	EndGlobalSection
	GlobalSection(SolutionProperties) = preSolution
		HideSolutionNode = FALSE
	EndGlobalSection
	GlobalSection(NestedProjects) = preSolution
		{8A048ADD-C397-4ED0-8C3E-B3629F67B740} = {E42977F5-4704-40A1-BEBD-7B712DB417A4}
	EndGlobalSection
	GlobalSection(ExtensibilityGlobals) = postSolution
		SolutionGuid = {60EB3A91-88F0-49B4-8F2A-388E515B9181}
	EndGlobalSection
EndGlobal
